// !$*UTF8*$!
{
	archiveVersion = 1;
	classes = {
	};
	objectVersion = 56;
	objects = {

/* Begin PBXBuildFile section */
		2E1048A32A25C87C0097520C /* ROBGameView.swift in Sources */ = {isa = PBXBuildFile; fileRef = 2E1048A22A25C87C0097520C /* ROBGameView.swift */; };
		2E1048A72A25FEAE0097520C /* ROBRobbyView.swift in Sources */ = {isa = PBXBuildFile; fileRef = 2E1048A62A25FEAE0097520C /* ROBRobbyView.swift */; };
		2E1048A92A25FEEB0097520C /* ROBConnectionManager.swift in Sources */ = {isa = PBXBuildFile; fileRef = 2E1048A82A25FEEB0097520C /* ROBConnectionManager.swift */; };
		2E1048AD2A260C3C0097520C /* UIApplicationExtension.swift in Sources */ = {isa = PBXBuildFile; fileRef = 2E1048AC2A260C3C0097520C /* UIApplicationExtension.swift */; };
		2E1048AF2A2628F20097520C /* ROBContentView.swift in Sources */ = {isa = PBXBuildFile; fileRef = 2E1048AE2A2628F20097520C /* ROBContentView.swift */; };
		2E1048B32A262C5E0097520C /* ROBCardExtension.swift in Sources */ = {isa = PBXBuildFile; fileRef = 2E1048B22A262C5E0097520C /* ROBCardExtension.swift */; };
		2E50D3832A3B3BD10036B3F0 /* LoginView.swift in Sources */ = {isa = PBXBuildFile; fileRef = 2E50D3822A3B3BD10036B3F0 /* LoginView.swift */; };
		2E50D3852A3B3C830036B3F0 /* GameListView.swift in Sources */ = {isa = PBXBuildFile; fileRef = 2E50D3842A3B3C830036B3F0 /* GameListView.swift */; };
		2EE5AE732A29CB3D00AEC0D8 /* ROBModel.swift in Sources */ = {isa = PBXBuildFile; fileRef = 2EE5AE722A29CB3D00AEC0D8 /* ROBModel.swift */; };
		2EF1BCFD2A1EFDA6003DA42E /* CardGameApp.swift in Sources */ = {isa = PBXBuildFile; fileRef = 2EF1BCFC2A1EFDA6003DA42E /* CardGameApp.swift */; };
		2EF1BCFF2A1EFDA6003DA42E /* ContentView.swift in Sources */ = {isa = PBXBuildFile; fileRef = 2EF1BCFE2A1EFDA6003DA42E /* ContentView.swift */; };
		2EF1BD012A1EFDA7003DA42E /* Assets.xcassets in Resources */ = {isa = PBXBuildFile; fileRef = 2EF1BD002A1EFDA7003DA42E /* Assets.xcassets */; };
		2EF1BD042A1EFDA7003DA42E /* Preview Assets.xcassets in Resources */ = {isa = PBXBuildFile; fileRef = 2EF1BD032A1EFDA7003DA42E /* Preview Assets.xcassets */; };
		2EF1BD0B2A1EFE1F003DA42E /* Card.swift in Sources */ = {isa = PBXBuildFile; fileRef = 2EF1BD0A2A1EFE1F003DA42E /* Card.swift */; };
/* End PBXBuildFile section */

/* Begin PBXFileReference section */
		2E1048A22A25C87C0097520C /* ROBGameView.swift */ = {isa = PBXFileReference; lastKnownFileType = sourcecode.swift; path = ROBGameView.swift; sourceTree = "<group>"; };
		2E1048A62A25FEAE0097520C /* ROBRobbyView.swift */ = {isa = PBXFileReference; lastKnownFileType = sourcecode.swift; path = ROBRobbyView.swift; sourceTree = "<group>"; };
		2E1048A82A25FEEB0097520C /* ROBConnectionManager.swift */ = {isa = PBXFileReference; lastKnownFileType = sourcecode.swift; path = ROBConnectionManager.swift; sourceTree = "<group>"; };
		2E1048AA2A2601EE0097520C /* Info.plist */ = {isa = PBXFileReference; lastKnownFileType = text.plist; path = Info.plist; sourceTree = "<group>"; };
		2E1048AC2A260C3C0097520C /* UIApplicationExtension.swift */ = {isa = PBXFileReference; lastKnownFileType = sourcecode.swift; path = UIApplicationExtension.swift; sourceTree = "<group>"; };
		2E1048AE2A2628F20097520C /* ROBContentView.swift */ = {isa = PBXFileReference; lastKnownFileType = sourcecode.swift; path = ROBContentView.swift; sourceTree = "<group>"; };
		2E1048B22A262C5E0097520C /* ROBCardExtension.swift */ = {isa = PBXFileReference; lastKnownFileType = sourcecode.swift; path = ROBCardExtension.swift; sourceTree = "<group>"; };
		2E50D3822A3B3BD10036B3F0 /* LoginView.swift */ = {isa = PBXFileReference; lastKnownFileType = sourcecode.swift; path = LoginView.swift; sourceTree = "<group>"; };
		2E50D3842A3B3C830036B3F0 /* GameListView.swift */ = {isa = PBXFileReference; lastKnownFileType = sourcecode.swift; path = GameListView.swift; sourceTree = "<group>"; };
		2EE5AE722A29CB3D00AEC0D8 /* ROBModel.swift */ = {isa = PBXFileReference; lastKnownFileType = sourcecode.swift; path = ROBModel.swift; sourceTree = "<group>"; };
		2EF1BCF92A1EFDA6003DA42E /* CardGame.app */ = {isa = PBXFileReference; explicitFileType = wrapper.application; includeInIndex = 0; path = CardGame.app; sourceTree = BUILT_PRODUCTS_DIR; };
		2EF1BCFC2A1EFDA6003DA42E /* CardGameApp.swift */ = {isa = PBXFileReference; lastKnownFileType = sourcecode.swift; path = CardGameApp.swift; sourceTree = "<group>"; };
		2EF1BCFE2A1EFDA6003DA42E /* ContentView.swift */ = {isa = PBXFileReference; lastKnownFileType = sourcecode.swift; path = ContentView.swift; sourceTree = "<group>"; };
		2EF1BD002A1EFDA7003DA42E /* Assets.xcassets */ = {isa = PBXFileReference; lastKnownFileType = folder.assetcatalog; path = Assets.xcassets; sourceTree = "<group>"; };
		2EF1BD032A1EFDA7003DA42E /* Preview Assets.xcassets */ = {isa = PBXFileReference; lastKnownFileType = folder.assetcatalog; path = "Preview Assets.xcassets"; sourceTree = "<group>"; };
		2EF1BD0A2A1EFE1F003DA42E /* Card.swift */ = {isa = PBXFileReference; lastKnownFileType = sourcecode.swift; path = Card.swift; sourceTree = "<group>"; };
/* End PBXFileReference section */

/* Begin PBXFrameworksBuildPhase section */
		2EF1BCF62A1EFDA6003DA42E /* Frameworks */ = {
			isa = PBXFrameworksBuildPhase;
			buildActionMask = 2147483647;
			files = (
			);
			runOnlyForDeploymentPostprocessing = 0;
		};
/* End PBXFrameworksBuildPhase section */

/* Begin PBXGroup section */
		2E1048A12A25C8710097520C /* RedOrBlack */ = {
			isa = PBXGroup;
			children = (
				2E1048AE2A2628F20097520C /* ROBContentView.swift */,
				2E1048A62A25FEAE0097520C /* ROBRobbyView.swift */,
				2E1048A22A25C87C0097520C /* ROBGameView.swift */,
				2EE5AE722A29CB3D00AEC0D8 /* ROBModel.swift */,
				2E1048A82A25FEEB0097520C /* ROBConnectionManager.swift */,
				2E1048B22A262C5E0097520C /* ROBCardExtension.swift */,
			);
			path = RedOrBlack;
			sourceTree = "<group>";
		};
		2E1048AB2A260C2A0097520C /* Utils */ = {
			isa = PBXGroup;
			children = (
				2E1048AC2A260C3C0097520C /* UIApplicationExtension.swift */,
			);
			path = Utils;
			sourceTree = "<group>";
		};
		2EF1BCF02A1EFDA6003DA42E = {
			isa = PBXGroup;
			children = (
				2EF1BCFB2A1EFDA6003DA42E /* CardGame */,
				2EF1BCFA2A1EFDA6003DA42E /* Products */,
			);
			sourceTree = "<group>";
		};
		2EF1BCFA2A1EFDA6003DA42E /* Products */ = {
			isa = PBXGroup;
			children = (
				2EF1BCF92A1EFDA6003DA42E /* CardGame.app */,
			);
			name = Products;
			sourceTree = "<group>";
		};
		2EF1BCFB2A1EFDA6003DA42E /* CardGame */ = {
			isa = PBXGroup;
			children = (
				2E1048AA2A2601EE0097520C /* Info.plist */,
				2EF1BCFC2A1EFDA6003DA42E /* CardGameApp.swift */,
				2EF1BCFE2A1EFDA6003DA42E /* ContentView.swift */,
				2E50D3822A3B3BD10036B3F0 /* LoginView.swift */,
				2E50D3842A3B3C830036B3F0 /* GameListView.swift */,
				2E1048A12A25C8710097520C /* RedOrBlack */,
				2EF1BD0A2A1EFE1F003DA42E /* Card.swift */,
				2E1048AB2A260C2A0097520C /* Utils */,
				2EF1BD002A1EFDA7003DA42E /* Assets.xcassets */,
				2EF1BD022A1EFDA7003DA42E /* Preview Content */,
			);
			path = CardGame;
			sourceTree = "<group>";
		};
		2EF1BD022A1EFDA7003DA42E /* Preview Content */ = {
			isa = PBXGroup;
			children = (
				2EF1BD032A1EFDA7003DA42E /* Preview Assets.xcassets */,
			);
			path = "Preview Content";
			sourceTree = "<group>";
		};
/* End PBXGroup section */

/* Begin PBXNativeTarget section */
		2EF1BCF82A1EFDA6003DA42E /* CardGame */ = {
			isa = PBXNativeTarget;
			buildConfigurationList = 2EF1BD072A1EFDA7003DA42E /* Build configuration list for PBXNativeTarget "CardGame" */;
			buildPhases = (
				2EF1BCF52A1EFDA6003DA42E /* Sources */,
				2EF1BCF62A1EFDA6003DA42E /* Frameworks */,
				2EF1BCF72A1EFDA6003DA42E /* Resources */,
			);
			buildRules = (
			);
			dependencies = (
			);
			name = CardGame;
			productName = CardGame;
			productReference = 2EF1BCF92A1EFDA6003DA42E /* CardGame.app */;
			productType = "com.apple.product-type.application";
		};
/* End PBXNativeTarget section */

/* Begin PBXProject section */
		2EF1BCF12A1EFDA6003DA42E /* Project object */ = {
			isa = PBXProject;
			attributes = {
				BuildIndependentTargetsInParallel = 1;
				LastSwiftUpdateCheck = 1430;
				LastUpgradeCheck = 1430;
				TargetAttributes = {
					2EF1BCF82A1EFDA6003DA42E = {
						CreatedOnToolsVersion = 14.3;
					};
				};
			};
			buildConfigurationList = 2EF1BCF42A1EFDA6003DA42E /* Build configuration list for PBXProject "CardGame" */;
			compatibilityVersion = "Xcode 14.0";
			developmentRegion = en;
			hasScannedForEncodings = 0;
			knownRegions = (
				en,
				Base,
			);
			mainGroup = 2EF1BCF02A1EFDA6003DA42E;
			productRefGroup = 2EF1BCFA2A1EFDA6003DA42E /* Products */;
			projectDirPath = "";
			projectRoot = "";
			targets = (
				2EF1BCF82A1EFDA6003DA42E /* CardGame */,
			);
		};
/* End PBXProject section */

/* Begin PBXResourcesBuildPhase section */
		2EF1BCF72A1EFDA6003DA42E /* Resources */ = {
			isa = PBXResourcesBuildPhase;
			buildActionMask = 2147483647;
			files = (
				2EF1BD042A1EFDA7003DA42E /* Preview Assets.xcassets in Resources */,
				2EF1BD012A1EFDA7003DA42E /* Assets.xcassets in Resources */,
			);
			runOnlyForDeploymentPostprocessing = 0;
		};
/* End PBXResourcesBuildPhase section */

/* Begin PBXSourcesBuildPhase section */
		2EF1BCF52A1EFDA6003DA42E /* Sources */ = {
			isa = PBXSourcesBuildPhase;
			buildActionMask = 2147483647;
			files = (
				2E1048A32A25C87C0097520C /* ROBGameView.swift in Sources */,
				2EF1BCFF2A1EFDA6003DA42E /* ContentView.swift in Sources */,
				2E50D3852A3B3C830036B3F0 /* GameListView.swift in Sources */,
				2E1048A92A25FEEB0097520C /* ROBConnectionManager.swift in Sources */,
				2EF1BD0B2A1EFE1F003DA42E /* Card.swift in Sources */,
				2E1048B32A262C5E0097520C /* ROBCardExtension.swift in Sources */,
				2E1048AF2A2628F20097520C /* ROBContentView.swift in Sources */,
				2E1048AD2A260C3C0097520C /* UIApplicationExtension.swift in Sources */,
				2EF1BCFD2A1EFDA6003DA42E /* CardGameApp.swift in Sources */,
				2E50D3832A3B3BD10036B3F0 /* LoginView.swift in Sources */,
				2E1048A72A25FEAE0097520C /* ROBRobbyView.swift in Sources */,
				2EE5AE732A29CB3D00AEC0D8 /* ROBModel.swift in Sources */,
			);
			runOnlyForDeploymentPostprocessing = 0;
		};
/* End PBXSourcesBuildPhase section */

/* Begin XCBuildConfiguration section */
		2EF1BD052A1EFDA7003DA42E /* Debug */ = {
			isa = XCBuildConfiguration;
			buildSettings = {
				ALWAYS_SEARCH_USER_PATHS = NO;
				CLANG_ANALYZER_NONNULL = YES;
				CLANG_ANALYZER_NUMBER_OBJECT_CONVERSION = YES_AGGRESSIVE;
				CLANG_CXX_LANGUAGE_STANDARD = "gnu++20";
				CLANG_ENABLE_MODULES = YES;
				CLANG_ENABLE_OBJC_ARC = YES;
				CLANG_ENABLE_OBJC_WEAK = YES;
				CLANG_WARN_BLOCK_CAPTURE_AUTORELEASING = YES;
				CLANG_WARN_BOOL_CONVERSION = YES;
				CLANG_WARN_COMMA = YES;
				CLANG_WARN_CONSTANT_CONVERSION = YES;
				CLANG_WARN_DEPRECATED_OBJC_IMPLEMENTATIONS = YES;
				CLANG_WARN_DIRECT_OBJC_ISA_USAGE = YES_ERROR;
				CLANG_WARN_DOCUMENTATION_COMMENTS = YES;
				CLANG_WARN_EMPTY_BODY = YES;
				CLANG_WARN_ENUM_CONVERSION = YES;
				CLANG_WARN_INFINITE_RECURSION = YES;
				CLANG_WARN_INT_CONVERSION = YES;
				CLANG_WARN_NON_LITERAL_NULL_CONVERSION = YES;
				CLANG_WARN_OBJC_IMPLICIT_RETAIN_SELF = YES;
				CLANG_WARN_OBJC_LITERAL_CONVERSION = YES;
				CLANG_WARN_OBJC_ROOT_CLASS = YES_ERROR;
				CLANG_WARN_QUOTED_INCLUDE_IN_FRAMEWORK_HEADER = YES;
				CLANG_WARN_RANGE_LOOP_ANALYSIS = YES;
				CLANG_WARN_STRICT_PROTOTYPES = YES;
				CLANG_WARN_SUSPICIOUS_MOVE = YES;
				CLANG_WARN_UNGUARDED_AVAILABILITY = YES_AGGRESSIVE;
				CLANG_WARN_UNREACHABLE_CODE = YES;
				CLANG_WARN__DUPLICATE_METHOD_MATCH = YES;
				COPY_PHASE_STRIP = NO;
				DEBUG_INFORMATION_FORMAT = dwarf;
				ENABLE_STRICT_OBJC_MSGSEND = YES;
				ENABLE_TESTABILITY = YES;
				GCC_C_LANGUAGE_STANDARD = gnu11;
				GCC_DYNAMIC_NO_PIC = NO;
				GCC_NO_COMMON_BLOCKS = YES;
				GCC_OPTIMIZATION_LEVEL = 0;
				GCC_PREPROCESSOR_DEFINITIONS = (
					"DEBUG=1",
					"$(inherited)",
				);
				GCC_WARN_64_TO_32_BIT_CONVERSION = YES;
				GCC_WARN_ABOUT_RETURN_TYPE = YES_ERROR;
				GCC_WARN_UNDECLARED_SELECTOR = YES;
				GCC_WARN_UNINITIALIZED_AUTOS = YES_AGGRESSIVE;
				GCC_WARN_UNUSED_FUNCTION = YES;
				GCC_WARN_UNUSED_VARIABLE = YES;
				IPHONEOS_DEPLOYMENT_TARGET = 16.4;
				MTL_ENABLE_DEBUG_INFO = INCLUDE_SOURCE;
				MTL_FAST_MATH = YES;
				ONLY_ACTIVE_ARCH = YES;
				SDKROOT = iphoneos;
				SWIFT_ACTIVE_COMPILATION_CONDITIONS = DEBUG;
				SWIFT_OPTIMIZATION_LEVEL = "-Onone";
			};
			name = Debug;
		};
		2EF1BD062A1EFDA7003DA42E /* Release */ = {
			isa = XCBuildConfiguration;
			buildSettings = {
				ALWAYS_SEARCH_USER_PATHS = NO;
				CLANG_ANALYZER_NONNULL = YES;
				CLANG_ANALYZER_NUMBER_OBJECT_CONVERSION = YES_AGGRESSIVE;
				CLANG_CXX_LANGUAGE_STANDARD = "gnu++20";
				CLANG_ENABLE_MODULES = YES;
				CLANG_ENABLE_OBJC_ARC = YES;
				CLANG_ENABLE_OBJC_WEAK = YES;
				CLANG_WARN_BLOCK_CAPTURE_AUTORELEASING = YES;
				CLANG_WARN_BOOL_CONVERSION = YES;
				CLANG_WARN_COMMA = YES;
				CLANG_WARN_CONSTANT_CONVERSION = YES;
				CLANG_WARN_DEPRECATED_OBJC_IMPLEMENTATIONS = YES;
				CLANG_WARN_DIRECT_OBJC_ISA_USAGE = YES_ERROR;
				CLANG_WARN_DOCUMENTATION_COMMENTS = YES;
				CLANG_WARN_EMPTY_BODY = YES;
				CLANG_WARN_ENUM_CONVERSION = YES;
				CLANG_WARN_INFINITE_RECURSION = YES;
				CLANG_WARN_INT_CONVERSION = YES;
				CLANG_WARN_NON_LITERAL_NULL_CONVERSION = YES;
				CLANG_WARN_OBJC_IMPLICIT_RETAIN_SELF = YES;
				CLANG_WARN_OBJC_LITERAL_CONVERSION = YES;
				CLANG_WARN_OBJC_ROOT_CLASS = YES_ERROR;
				CLANG_WARN_QUOTED_INCLUDE_IN_FRAMEWORK_HEADER = YES;
				CLANG_WARN_RANGE_LOOP_ANALYSIS = YES;
				CLANG_WARN_STRICT_PROTOTYPES = YES;
				CLANG_WARN_SUSPICIOUS_MOVE = YES;
				CLANG_WARN_UNGUARDED_AVAILABILITY = YES_AGGRESSIVE;
				CLANG_WARN_UNREACHABLE_CODE = YES;
				CLANG_WARN__DUPLICATE_METHOD_MATCH = YES;
				COPY_PHASE_STRIP = NO;
				DEBUG_INFORMATION_FORMAT = "dwarf-with-dsym";
				ENABLE_NS_ASSERTIONS = NO;
				ENABLE_STRICT_OBJC_MSGSEND = YES;
				GCC_C_LANGUAGE_STANDARD = gnu11;
				GCC_NO_COMMON_BLOCKS = YES;
				GCC_WARN_64_TO_32_BIT_CONVERSION = YES;
				GCC_WARN_ABOUT_RETURN_TYPE = YES_ERROR;
				GCC_WARN_UNDECLARED_SELECTOR = YES;
				GCC_WARN_UNINITIALIZED_AUTOS = YES_AGGRESSIVE;
				GCC_WARN_UNUSED_FUNCTION = YES;
				GCC_WARN_UNUSED_VARIABLE = YES;
				IPHONEOS_DEPLOYMENT_TARGET = 16.4;
				MTL_ENABLE_DEBUG_INFO = NO;
				MTL_FAST_MATH = YES;
				SDKROOT = iphoneos;
				SWIFT_COMPILATION_MODE = wholemodule;
				SWIFT_OPTIMIZATION_LEVEL = "-O";
				VALIDATE_PRODUCT = YES;
			};
			name = Release;
		};
		2EF1BD082A1EFDA7003DA42E /* Debug */ = {
			isa = XCBuildConfiguration;
			buildSettings = {
				ASSETCATALOG_COMPILER_APPICON_NAME = AppIcon;
				ASSETCATALOG_COMPILER_GLOBAL_ACCENT_COLOR_NAME = AccentColor;
				CODE_SIGN_STYLE = Automatic;
				CURRENT_PROJECT_VERSION = 1;
				DEVELOPMENT_ASSET_PATHS = "\"CardGame/Preview Content\"";
				DEVELOPMENT_TEAM = 2PJ23MZ7RT;
				ENABLE_PREVIEWS = YES;
				GENERATE_INFOPLIST_FILE = YES;
				INFOPLIST_FILE = CardGame/Info.plist;
				INFOPLIST_KEY_UIApplicationSceneManifest_Generation = YES;
				INFOPLIST_KEY_UIApplicationSupportsIndirectInputEvents = YES;
				INFOPLIST_KEY_UILaunchScreen_Generation = YES;
				INFOPLIST_KEY_UISupportedInterfaceOrientations_iPad = "UIInterfaceOrientationPortrait UIInterfaceOrientationPortraitUpsideDown UIInterfaceOrientationLandscapeLeft UIInterfaceOrientationLandscapeRight";
				INFOPLIST_KEY_UISupportedInterfaceOrientations_iPhone = "UIInterfaceOrientationPortrait UIInterfaceOrientationLandscapeLeft UIInterfaceOrientationLandscapeRight";
				IPHONEOS_DEPLOYMENT_TARGET = 15.0;
				LD_RUNPATH_SEARCH_PATHS = (
					"$(inherited)",
					"@executable_path/Frameworks",
				);
				MARKETING_VERSION = 1.0;
				PRODUCT_BUNDLE_IDENTIFIER = com.cslee.CardGame;
				PRODUCT_NAME = "$(TARGET_NAME)";
				SWIFT_EMIT_LOC_STRINGS = YES;
				SWIFT_VERSION = 5.0;
				TARGETED_DEVICE_FAMILY = "1,2";
			};
			name = Debug;
		};
		2EF1BD092A1EFDA7003DA42E /* Release */ = {
			isa = XCBuildConfiguration;
			buildSettings = {
				ASSETCATALOG_COMPILER_APPICON_NAME = AppIcon;
				ASSETCATALOG_COMPILER_GLOBAL_ACCENT_COLOR_NAME = AccentColor;
				CODE_SIGN_STYLE = Automatic;
				CURRENT_PROJECT_VERSION = 1;
				DEVELOPMENT_ASSET_PATHS = "\"CardGame/Preview Content\"";
				DEVELOPMENT_TEAM = 2PJ23MZ7RT;
				ENABLE_PREVIEWS = YES;
				GENERATE_INFOPLIST_FILE = YES;
				INFOPLIST_FILE = CardGame/Info.plist;
				INFOPLIST_KEY_UIApplicationSceneManifest_Generation = YES;
				INFOPLIST_KEY_UIApplicationSupportsIndirectInputEvents = YES;
				INFOPLIST_KEY_UILaunchScreen_Generation = YES;
				INFOPLIST_KEY_UISupportedInterfaceOrientations_iPad = "UIInterfaceOrientationPortrait UIInterfaceOrientationPortraitUpsideDown UIInterfaceOrientationLandscapeLeft UIInterfaceOrientationLandscapeRight";
				INFOPLIST_KEY_UISupportedInterfaceOrientations_iPhone = "UIInterfaceOrientationPortrait UIInterfaceOrientationLandscapeLeft UIInterfaceOrientationLandscapeRight";
				IPHONEOS_DEPLOYMENT_TARGET = 15.0;
				LD_RUNPATH_SEARCH_PATHS = (
					"$(inherited)",
					"@executable_path/Frameworks",
				);
				MARKETING_VERSION = 1.0;
				PRODUCT_BUNDLE_IDENTIFIER = com.cslee.CardGame;
				PRODUCT_NAME = "$(TARGET_NAME)";
				SWIFT_EMIT_LOC_STRINGS = YES;
				SWIFT_VERSION = 5.0;
				TARGETED_DEVICE_FAMILY = "1,2";
			};
			name = Release;
		};
/* End XCBuildConfiguration section */

/* Begin XCConfigurationList section */
		2EF1BCF42A1EFDA6003DA42E /* Build configuration list for PBXProject "CardGame" */ = {
			isa = XCConfigurationList;
			buildConfigurations = (
				2EF1BD052A1EFDA7003DA42E /* Debug */,
				2EF1BD062A1EFDA7003DA42E /* Release */,
			);
			defaultConfigurationIsVisible = 0;
			defaultConfigurationName = Release;
		};
		2EF1BD072A1EFDA7003DA42E /* Build configuration list for PBXNativeTarget "CardGame" */ = {
			isa = XCConfigurationList;
			buildConfigurations = (
				2EF1BD082A1EFDA7003DA42E /* Debug */,
				2EF1BD092A1EFDA7003DA42E /* Release */,
			);
			defaultConfigurationIsVisible = 0;
			defaultConfigurationName = Release;
		};
/* End XCConfigurationList section */
	};
	rootObject = 2EF1BCF12A1EFDA6003DA42E /* Project object */;
}
